// !$*UTF8*$!
{
	archiveVersion = 1;
	classes = {
	};
	objectVersion = 46;
	objects = {

/* Begin PBXBuildFile section */
		060DA93C1DB2E85A0093DB65 /* WorkoutsTableViewController.swift in Sources */ = {isa = PBXBuildFile; fileRef = 060DA93B1DB2E85A0093DB65 /* WorkoutsTableViewController.swift */; };
		060DA9401DB2ED810093DB65 /* WorkoutTableCellView.swift in Sources */ = {isa = PBXBuildFile; fileRef = 060DA93F1DB2ED810093DB65 /* WorkoutTableCellView.swift */; };
		060DA98A1DB34FA00093DB65 /* ExerciseTableCellView.swift in Sources */ = {isa = PBXBuildFile; fileRef = 060DA9891DB34FA00093DB65 /* ExerciseTableCellView.swift */; };
		060DA98C1DB408DA0093DB65 /* ExercisesViewController.swift in Sources */ = {isa = PBXBuildFile; fileRef = 060DA98B1DB408DA0093DB65 /* ExercisesViewController.swift */; };
		062052711DB40B7A001E9596 /* LaunchScreen.storyboard in Resources */ = {isa = PBXBuildFile; fileRef = 0620526F1DB40B7A001E9596 /* LaunchScreen.storyboard */; };
		062052721DB40B7A001E9596 /* Main.storyboard in Resources */ = {isa = PBXBuildFile; fileRef = 062052701DB40B7A001E9596 /* Main.storyboard */; };
		063698A61DB484F900E928F9 /* ExerciseConfigurationViewController.swift in Sources */ = {isa = PBXBuildFile; fileRef = 063698A51DB484F900E928F9 /* ExerciseConfigurationViewController.swift */; };
		0685954C1DB59A2F00C40A74 /* TimerInProgressView.swift in Sources */ = {isa = PBXBuildFile; fileRef = 0685954B1DB59A2F00C40A74 /* TimerInProgressView.swift */; };
		069B3A731DB2A64C00C79B4F /* AppDelegate.swift in Sources */ = {isa = PBXBuildFile; fileRef = 069B3A721DB2A64C00C79B4F /* AppDelegate.swift */; };
		069B3A7C1DB2A64C00C79B4F /* Assets.xcassets in Resources */ = {isa = PBXBuildFile; fileRef = 069B3A7B1DB2A64C00C79B4F /* Assets.xcassets */; };
		06F36C7A1DB5A4EE007648C6 /* DataModel.xcdatamodeld in Sources */ = {isa = PBXBuildFile; fileRef = 06F36C781DB5A4EE007648C6 /* DataModel.xcdatamodeld */; };
		06F36CBE1DB5C415007648C6 /* DataController.swift in Sources */ = {isa = PBXBuildFile; fileRef = 06F36CBD1DB5C415007648C6 /* DataController.swift */; };
/* End PBXBuildFile section */

/* Begin PBXFileReference section */
		060DA93B1DB2E85A0093DB65 /* WorkoutsTableViewController.swift */ = {isa = PBXFileReference; fileEncoding = 4; lastKnownFileType = sourcecode.swift; name = WorkoutsTableViewController.swift; path = FreeLifts/WorkoutsTableViewController.swift; sourceTree = SOURCE_ROOT; };
		060DA93F1DB2ED810093DB65 /* WorkoutTableCellView.swift */ = {isa = PBXFileReference; fileEncoding = 4; lastKnownFileType = sourcecode.swift; name = WorkoutTableCellView.swift; path = FreeLifts/WorkoutTableCellView.swift; sourceTree = SOURCE_ROOT; };
		060DA9891DB34FA00093DB65 /* ExerciseTableCellView.swift */ = {isa = PBXFileReference; fileEncoding = 4; lastKnownFileType = sourcecode.swift; name = ExerciseTableCellView.swift; path = FreeLifts/ExerciseTableCellView.swift; sourceTree = SOURCE_ROOT; };
		060DA98B1DB408DA0093DB65 /* ExercisesViewController.swift */ = {isa = PBXFileReference; fileEncoding = 4; lastKnownFileType = sourcecode.swift; name = ExercisesViewController.swift; path = FreeLifts/ExercisesViewController.swift; sourceTree = SOURCE_ROOT; };
		0620526F1DB40B7A001E9596 /* LaunchScreen.storyboard */ = {isa = PBXFileReference; fileEncoding = 4; lastKnownFileType = file.storyboard; name = LaunchScreen.storyboard; path = Storyboards/LaunchScreen.storyboard; sourceTree = "<group>"; };
		062052701DB40B7A001E9596 /* Main.storyboard */ = {isa = PBXFileReference; fileEncoding = 4; lastKnownFileType = file.storyboard; name = Main.storyboard; path = Storyboards/Main.storyboard; sourceTree = "<group>"; };
		063698A51DB484F900E928F9 /* ExerciseConfigurationViewController.swift */ = {isa = PBXFileReference; fileEncoding = 4; lastKnownFileType = sourcecode.swift; path = ExerciseConfigurationViewController.swift; sourceTree = "<group>"; };
		0685954B1DB59A2F00C40A74 /* TimerInProgressView.swift */ = {isa = PBXFileReference; fileEncoding = 4; lastKnownFileType = sourcecode.swift; path = TimerInProgressView.swift; sourceTree = "<group>"; };
		069B3A6F1DB2A64C00C79B4F /* FreeLifts.app */ = {isa = PBXFileReference; explicitFileType = wrapper.application; includeInIndex = 0; path = FreeLifts.app; sourceTree = BUILT_PRODUCTS_DIR; };
		069B3A721DB2A64C00C79B4F /* AppDelegate.swift */ = {isa = PBXFileReference; lastKnownFileType = sourcecode.swift; name = AppDelegate.swift; path = FreeLifts/AppDelegate.swift; sourceTree = SOURCE_ROOT; };
		069B3A7B1DB2A64C00C79B4F /* Assets.xcassets */ = {isa = PBXFileReference; lastKnownFileType = folder.assetcatalog; name = Assets.xcassets; path = FreeLifts/Assets.xcassets; sourceTree = SOURCE_ROOT; };
		069B3A801DB2A64C00C79B4F /* Info.plist */ = {isa = PBXFileReference; lastKnownFileType = text.plist.xml; name = Info.plist; path = FreeLifts/Info.plist; sourceTree = SOURCE_ROOT; };
		06F36C791DB5A4EE007648C6 /* DataModel.xcdatamodel */ = {isa = PBXFileReference; lastKnownFileType = wrapper.xcdatamodel; path = DataModel.xcdatamodel; sourceTree = "<group>"; };
		06F36CBD1DB5C415007648C6 /* DataController.swift */ = {isa = PBXFileReference; fileEncoding = 4; lastKnownFileType = sourcecode.swift; path = DataController.swift; sourceTree = "<group>"; };
/* End PBXFileReference section */

/* Begin PBXFrameworksBuildPhase section */
		069B3A6C1DB2A64C00C79B4F /* Frameworks */ = {
			isa = PBXFrameworksBuildPhase;
			buildActionMask = 2147483647;
			files = (
			);
			runOnlyForDeploymentPostprocessing = 0;
		};
/* End PBXFrameworksBuildPhase section */

/* Begin PBXGroup section */
		060DA98D1DB408E80093DB65 /* ViewControllers */ = {
			isa = PBXGroup;
			children = (
				060DA98B1DB408DA0093DB65 /* ExercisesViewController.swift */,
				060DA93B1DB2E85A0093DB65 /* WorkoutsTableViewController.swift */,
				063698A51DB484F900E928F9 /* ExerciseConfigurationViewController.swift */,
			);
			name = ViewControllers;
			sourceTree = "<group>";
		};
		069B3A661DB2A64C00C79B4F = {
			isa = PBXGroup;
			children = (
				069B3A711DB2A64C00C79B4F /* FreeLifts */,
				069B3A701DB2A64C00C79B4F /* Products */,
			);
			sourceTree = "<group>";
		};
		069B3A701DB2A64C00C79B4F /* Products */ = {
			isa = PBXGroup;
			children = (
				069B3A6F1DB2A64C00C79B4F /* FreeLifts.app */,
			);
			name = Products;
			sourceTree = "<group>";
		};
		069B3A711DB2A64C00C79B4F /* FreeLifts */ = {
			isa = PBXGroup;
			children = (
				069B3AB11DB2C6B400C79B4F /* MainApplication */,
				060DA98D1DB408E80093DB65 /* ViewControllers */,
				069B3AB21DB2C6C400C79B4F /* HelperViews */,
				069B3A7B1DB2A64C00C79B4F /* Assets.xcassets */,
			);
			path = FreeLifts;
			sourceTree = "<group>";
		};
		069B3AB11DB2C6B400C79B4F /* MainApplication */ = {
			isa = PBXGroup;
			children = (
				0620526F1DB40B7A001E9596 /* LaunchScreen.storyboard */,
				062052701DB40B7A001E9596 /* Main.storyboard */,
				069B3A721DB2A64C00C79B4F /* AppDelegate.swift */,
				069B3A801DB2A64C00C79B4F /* Info.plist */,
				06F36C781DB5A4EE007648C6 /* DataModel.xcdatamodeld */,
				06F36CBD1DB5C415007648C6 /* DataController.swift */,
			);
			name = MainApplication;
			sourceTree = "<group>";
		};
		069B3AB21DB2C6C400C79B4F /* HelperViews */ = {
			isa = PBXGroup;
			children = (
				0685954B1DB59A2F00C40A74 /* TimerInProgressView.swift */,
				060DA93F1DB2ED810093DB65 /* WorkoutTableCellView.swift */,
				060DA9891DB34FA00093DB65 /* ExerciseTableCellView.swift */,
			);
			name = HelperViews;
			sourceTree = "<group>";
		};
/* End PBXGroup section */

/* Begin PBXNativeTarget section */
		069B3A6E1DB2A64C00C79B4F /* FreeLifts */ = {
			isa = PBXNativeTarget;
			buildConfigurationList = 069B3A991DB2A64D00C79B4F /* Build configuration list for PBXNativeTarget "FreeLifts" */;
			buildPhases = (
				069B3A6B1DB2A64C00C79B4F /* Sources */,
				069B3A6C1DB2A64C00C79B4F /* Frameworks */,
				069B3A6D1DB2A64C00C79B4F /* Resources */,
			);
			buildRules = (
			);
			dependencies = (
			);
			name = FreeLifts;
			productName = FreeLifts;
			productReference = 069B3A6F1DB2A64C00C79B4F /* FreeLifts.app */;
			productType = "com.apple.product-type.application";
		};
/* End PBXNativeTarget section */

/* Begin PBXProject section */
		069B3A671DB2A64C00C79B4F /* Project object */ = {
			isa = PBXProject;
			attributes = {
				LastSwiftUpdateCheck = 0800;
				LastUpgradeCheck = 0800;
				ORGANIZATIONNAME = "Nick Eubanks";
				TargetAttributes = {
					069B3A6E1DB2A64C00C79B4F = {
						CreatedOnToolsVersion = 8.0;
						DevelopmentTeam = B88G46XY9X;
						ProvisioningStyle = Automatic;
					};
				};
			};
			buildConfigurationList = 069B3A6A1DB2A64C00C79B4F /* Build configuration list for PBXProject "FreeLifts" */;
			compatibilityVersion = "Xcode 3.2";
			developmentRegion = English;
			hasScannedForEncodings = 0;
			knownRegions = (
				en,
				Base,
			);
			mainGroup = 069B3A661DB2A64C00C79B4F;
			productRefGroup = 069B3A701DB2A64C00C79B4F /* Products */;
			projectDirPath = "";
			projectRoot = "";
			targets = (
				069B3A6E1DB2A64C00C79B4F /* FreeLifts */,
			);
		};
/* End PBXProject section */

/* Begin PBXResourcesBuildPhase section */
		069B3A6D1DB2A64C00C79B4F /* Resources */ = {
			isa = PBXResourcesBuildPhase;
			buildActionMask = 2147483647;
			files = (
				062052721DB40B7A001E9596 /* Main.storyboard in Resources */,
				069B3A7C1DB2A64C00C79B4F /* Assets.xcassets in Resources */,
				062052711DB40B7A001E9596 /* LaunchScreen.storyboard in Resources */,
			);
			runOnlyForDeploymentPostprocessing = 0;
		};
/* End PBXResourcesBuildPhase section */

/* Begin PBXSourcesBuildPhase section */
		069B3A6B1DB2A64C00C79B4F /* Sources */ = {
			isa = PBXSourcesBuildPhase;
			buildActionMask = 2147483647;
			files = (
				060DA98A1DB34FA00093DB65 /* ExerciseTableCellView.swift in Sources */,
				06F36C7A1DB5A4EE007648C6 /* DataModel.xcdatamodeld in Sources */,
				063698A61DB484F900E928F9 /* ExerciseConfigurationViewController.swift in Sources */,
				060DA98C1DB408DA0093DB65 /* ExercisesViewController.swift in Sources */,
				06F36CBE1DB5C415007648C6 /* DataController.swift in Sources */,
				0685954C1DB59A2F00C40A74 /* TimerInProgressView.swift in Sources */,
				069B3A731DB2A64C00C79B4F /* AppDelegate.swift in Sources */,
				060DA93C1DB2E85A0093DB65 /* WorkoutsTableViewController.swift in Sources */,
				060DA9401DB2ED810093DB65 /* WorkoutTableCellView.swift in Sources */,
			);
			runOnlyForDeploymentPostprocessing = 0;
		};
/* End PBXSourcesBuildPhase section */

/* Begin XCBuildConfiguration section */
		069B3A971DB2A64D00C79B4F /* Debug */ = {
			isa = XCBuildConfiguration;
			buildSettings = {
				ALWAYS_SEARCH_USER_PATHS = NO;
				CLANG_ANALYZER_NONNULL = YES;
				CLANG_CXX_LANGUAGE_STANDARD = "gnu++0x";
				CLANG_CXX_LIBRARY = "libc++";
				CLANG_ENABLE_MODULES = YES;
				CLANG_ENABLE_OBJC_ARC = YES;
				CLANG_WARN_BOOL_CONVERSION = YES;
				CLANG_WARN_CONSTANT_CONVERSION = YES;
				CLANG_WARN_DIRECT_OBJC_ISA_USAGE = YES_ERROR;
				CLANG_WARN_DOCUMENTATION_COMMENTS = YES;
				CLANG_WARN_EMPTY_BODY = YES;
				CLANG_WARN_ENUM_CONVERSION = YES;
				CLANG_WARN_INFINITE_RECURSION = YES;
				CLANG_WARN_INT_CONVERSION = YES;
				CLANG_WARN_OBJC_ROOT_CLASS = YES_ERROR;
				CLANG_WARN_SUSPICIOUS_MOVES = YES;
				CLANG_WARN_UNREACHABLE_CODE = YES;
				CLANG_WARN__DUPLICATE_METHOD_MATCH = YES;
				"CODE_SIGN_IDENTITY[sdk=iphoneos*]" = "iPhone Developer";
				COPY_PHASE_STRIP = NO;
				DEBUG_INFORMATION_FORMAT = dwarf;
				ENABLE_STRICT_OBJC_MSGSEND = YES;
				ENABLE_TESTABILITY = YES;
				GCC_C_LANGUAGE_STANDARD = gnu99;
				GCC_DYNAMIC_NO_PIC = NO;
				GCC_NO_COMMON_BLOCKS = YES;
				GCC_OPTIMIZATION_LEVEL = 0;
				GCC_PREPROCESSOR_DEFINITIONS = (
					"DEBUG=1",
					"$(inherited)",
				);
				GCC_WARN_64_TO_32_BIT_CONVERSION = YES;
				GCC_WARN_ABOUT_RETURN_TYPE = YES_ERROR;
				GCC_WARN_UNDECLARED_SELECTOR = YES;
				GCC_WARN_UNINITIALIZED_AUTOS = YES_AGGRESSIVE;
				GCC_WARN_UNUSED_FUNCTION = YES;
				GCC_WARN_UNUSED_VARIABLE = YES;
				IPHONEOS_DEPLOYMENT_TARGET = 10.0;
				MTL_ENABLE_DEBUG_INFO = YES;
				ONLY_ACTIVE_ARCH = YES;
				PRODUCT_NAME = FreeLiftsDebug;
				SDKROOT = iphoneos;
				SWIFT_ACTIVE_COMPILATION_CONDITIONS = DEBUG;
				SWIFT_OPTIMIZATION_LEVEL = "-Onone";
				TARGETED_DEVICE_FAMILY = "1,2";
			};
			name = Debug;
		};
		069B3A981DB2A64D00C79B4F /* Release */ = {
			isa = XCBuildConfiguration;
			buildSettings = {
				ALWAYS_SEARCH_USER_PATHS = NO;
				CLANG_ANALYZER_NONNULL = YES;
				CLANG_CXX_LANGUAGE_STANDARD = "gnu++0x";
				CLANG_CXX_LIBRARY = "libc++";
				CLANG_ENABLE_MODULES = YES;
				CLANG_ENABLE_OBJC_ARC = YES;
				CLANG_WARN_BOOL_CONVERSION = YES;
				CLANG_WARN_CONSTANT_CONVERSION = YES;
				CLANG_WARN_DIRECT_OBJC_ISA_USAGE = YES_ERROR;
				CLANG_WARN_DOCUMENTATION_COMMENTS = YES;
				CLANG_WARN_EMPTY_BODY = YES;
				CLANG_WARN_ENUM_CONVERSION = YES;
				CLANG_WARN_INFINITE_RECURSION = YES;
				CLANG_WARN_INT_CONVERSION = YES;
				CLANG_WARN_OBJC_ROOT_CLASS = YES_ERROR;
				CLANG_WARN_SUSPICIOUS_MOVES = YES;
				CLANG_WARN_UNREACHABLE_CODE = YES;
				CLANG_WARN__DUPLICATE_METHOD_MATCH = YES;
				"CODE_SIGN_IDENTITY[sdk=iphoneos*]" = "iPhone Developer";
				COPY_PHASE_STRIP = NO;
				DEBUG_INFORMATION_FORMAT = "dwarf-with-dsym";
				ENABLE_NS_ASSERTIONS = NO;
				ENABLE_STRICT_OBJC_MSGSEND = YES;
				GCC_C_LANGUAGE_STANDARD = gnu99;
				GCC_NO_COMMON_BLOCKS = YES;
				GCC_WARN_64_TO_32_BIT_CONVERSION = YES;
				GCC_WARN_ABOUT_RETURN_TYPE = YES_ERROR;
				GCC_WARN_UNDECLARED_SELECTOR = YES;
				GCC_WARN_UNINITIALIZED_AUTOS = YES_AGGRESSIVE;
				GCC_WARN_UNUSED_FUNCTION = YES;
				GCC_WARN_UNUSED_VARIABLE = YES;
				IPHONEOS_DEPLOYMENT_TARGET = 10.0;
				MTL_ENABLE_DEBUG_INFO = NO;
				PRODUCT_NAME = FreeLifts;
				SDKROOT = iphoneos;
				SWIFT_OPTIMIZATION_LEVEL = "-Owholemodule";
				TARGETED_DEVICE_FAMILY = "1,2";
				VALIDATE_PRODUCT = YES;
			};
			name = Release;
		};
		069B3A9A1DB2A64D00C79B4F /* Debug */ = {
			isa = XCBuildConfiguration;
			buildSettings = {
				ASSETCATALOG_COMPILER_APPICON_NAME = AppIcon;
				DEVELOPMENT_TEAM = B88G46XY9X;
				INFOPLIST_FILE = "$(SRCROOT)/FreeLifts/Info.plist";
				LD_RUNPATH_SEARCH_PATHS = "$(inherited) @executable_path/Frameworks";
				PRODUCT_BUNDLE_IDENTIFIER = Eubanks.FreeLifts;
				PRODUCT_NAME = "$(TARGET_NAME)";
				SWIFT_VERSION = 3.0;
			};
			name = Debug;
		};
		069B3A9B1DB2A64D00C79B4F /* Release */ = {
			isa = XCBuildConfiguration;
			buildSettings = {
				ASSETCATALOG_COMPILER_APPICON_NAME = AppIcon;
				DEVELOPMENT_TEAM = B88G46XY9X;
				INFOPLIST_FILE = "$(SRCROOT)/FreeLifts/Info.plist";
				LD_RUNPATH_SEARCH_PATHS = "$(inherited) @executable_path/Frameworks";
				PRODUCT_BUNDLE_IDENTIFIER = Eubanks.FreeLifts;
				PRODUCT_NAME = "$(TARGET_NAME)";
				SWIFT_VERSION = 3.0;
			};
			name = Release;
		};
/* End XCBuildConfiguration section */

/* Begin XCConfigurationList section */
		069B3A6A1DB2A64C00C79B4F /* Build configuration list for PBXProject "FreeLifts" */ = {
			isa = XCConfigurationList;
			buildConfigurations = (
				069B3A971DB2A64D00C79B4F /* Debug */,
				069B3A981DB2A64D00C79B4F /* Release */,
			);
			defaultConfigurationIsVisible = 0;
			defaultConfigurationName = Release;
		};
		069B3A991DB2A64D00C79B4F /* Build configuration list for PBXNativeTarget "FreeLifts" */ = {
			isa = XCConfigurationList;
			buildConfigurations = (
				069B3A9A1DB2A64D00C79B4F /* Debug */,
				069B3A9B1DB2A64D00C79B4F /* Release */,
			);
			defaultConfigurationIsVisible = 0;
			defaultConfigurationName = Release;
		};
/* End XCConfigurationList section */

/* Begin XCVersionGroup section */
		06F36C781DB5A4EE007648C6 /* DataModel.xcdatamodeld */ = {
			isa = XCVersionGroup;
			children = (
				06F36C791DB5A4EE007648C6 /* DataModel.xcdatamodel */,
			);
			currentVersion = 06F36C791DB5A4EE007648C6 /* DataModel.xcdatamodel */;
			path = DataModel.xcdatamodeld;
			sourceTree = "<group>";
			versionGroupType = wrapper.xcdatamodel;
		};
/* End XCVersionGroup section */
	};
	rootObject = 069B3A671DB2A64C00C79B4F /* Project object */;
}
